// !$*UTF8*$!
{
	archiveVersion = 1;
	classes = {
	};
	objectVersion = 55;
	objects = {

/* Begin PBXBuildFile section */
		C841859C28A1FDE200CF3E28 /* AppDelegate.swift in Sources */ = {isa = PBXBuildFile; fileRef = C841859B28A1FDE200CF3E28 /* AppDelegate.swift */; };
		C841859E28A1FDE200CF3E28 /* SceneDelegate.swift in Sources */ = {isa = PBXBuildFile; fileRef = C841859D28A1FDE200CF3E28 /* SceneDelegate.swift */; };
		C84185A028A1FDE200CF3E28 /* ViewController.swift in Sources */ = {isa = PBXBuildFile; fileRef = C841859F28A1FDE200CF3E28 /* ViewController.swift */; };
		C84185A328A1FDE200CF3E28 /* Main.storyboard in Resources */ = {isa = PBXBuildFile; fileRef = C84185A128A1FDE200CF3E28 /* Main.storyboard */; };
		C84185A528A1FDE400CF3E28 /* Assets.xcassets in Resources */ = {isa = PBXBuildFile; fileRef = C84185A428A1FDE400CF3E28 /* Assets.xcassets */; };
		C84185A828A1FDE400CF3E28 /* LaunchScreen.storyboard in Resources */ = {isa = PBXBuildFile; fileRef = C84185A628A1FDE400CF3E28 /* LaunchScreen.storyboard */; };
		C84185B028A2008F00CF3E28 /* lofi-study.mp3 in Resources */ = {isa = PBXBuildFile; fileRef = C84185AF28A2008F00CF3E28 /* lofi-study.mp3 */; };
/* End PBXBuildFile section */

/* Begin PBXFileReference section */
		C841859828A1FDE200CF3E28 /* Musique.app */ = {isa = PBXFileReference; explicitFileType = wrapper.application; includeInIndex = 0; path = Musique.app; sourceTree = BUILT_PRODUCTS_DIR; };
		C841859B28A1FDE200CF3E28 /* AppDelegate.swift */ = {isa = PBXFileReference; lastKnownFileType = sourcecode.swift; path = AppDelegate.swift; sourceTree = "<group>"; };
		C841859D28A1FDE200CF3E28 /* SceneDelegate.swift */ = {isa = PBXFileReference; lastKnownFileType = sourcecode.swift; path = SceneDelegate.swift; sourceTree = "<group>"; };
		C841859F28A1FDE200CF3E28 /* ViewController.swift */ = {isa = PBXFileReference; lastKnownFileType = sourcecode.swift; path = ViewController.swift; sourceTree = "<group>"; };
		C84185A228A1FDE200CF3E28 /* Base */ = {isa = PBXFileReference; lastKnownFileType = file.storyboard; name = Base; path = Base.lproj/Main.storyboard; sourceTree = "<group>"; };
		C84185A428A1FDE400CF3E28 /* Assets.xcassets */ = {isa = PBXFileReference; lastKnownFileType = folder.assetcatalog; path = Assets.xcassets; sourceTree = "<group>"; };
		C84185A728A1FDE400CF3E28 /* Base */ = {isa = PBXFileReference; lastKnownFileType = file.storyboard; name = Base; path = Base.lproj/LaunchScreen.storyboard; sourceTree = "<group>"; };
		C84185A928A1FDE400CF3E28 /* Info.plist */ = {isa = PBXFileReference; lastKnownFileType = text.plist.xml; path = Info.plist; sourceTree = "<group>"; };
		C84185AF28A2008F00CF3E28 /* lofi-study.mp3 */ = {isa = PBXFileReference; lastKnownFileType = audio.mp3; path = "lofi-study.mp3"; sourceTree = "<group>"; };
/* End PBXFileReference section */

/* Begin PBXFrameworksBuildPhase section */
		C841859528A1FDE200CF3E28 /* Frameworks */ = {
			isa = PBXFrameworksBuildPhase;
			buildActionMask = 2147483647;
			files = (
			);
			runOnlyForDeploymentPostprocessing = 0;
		};
/* End PBXFrameworksBuildPhase section */

/* Begin PBXGroup section */
		C841858F28A1FDE200CF3E28 = {
			isa = PBXGroup;
			children = (
				C841859A28A1FDE200CF3E28 /* Musique */,
				C841859928A1FDE200CF3E28 /* Products */,
			);
			sourceTree = "<group>";
		};
		C841859928A1FDE200CF3E28 /* Products */ = {
			isa = PBXGroup;
			children = (
				C841859828A1FDE200CF3E28 /* Musique.app */,
			);
			name = Products;
			sourceTree = "<group>";
		};
		C841859A28A1FDE200CF3E28 /* Musique */ = {
			isa = PBXGroup;
			children = (
				C8477EDC28A343A30026733F /* Audio Tracks */,
				C841859B28A1FDE200CF3E28 /* AppDelegate.swift */,
				C841859D28A1FDE200CF3E28 /* SceneDelegate.swift */,
				C841859F28A1FDE200CF3E28 /* ViewController.swift */,
				C84185A128A1FDE200CF3E28 /* Main.storyboard */,
				C84185A428A1FDE400CF3E28 /* Assets.xcassets */,
				C84185A628A1FDE400CF3E28 /* LaunchScreen.storyboard */,
				C84185A928A1FDE400CF3E28 /* Info.plist */,
			);
			path = Musique;
			sourceTree = "<group>";
		};
		C8477EDC28A343A30026733F /* Audio Tracks */ = {
			isa = PBXGroup;
			children = (
				C84185AF28A2008F00CF3E28 /* lofi-study.mp3 */,
			);
			path = "Audio Tracks";
			sourceTree = "<group>";
		};
/* End PBXGroup section */

/* Begin PBXNativeTarget section */
		C841859728A1FDE200CF3E28 /* Musique */ = {
			isa = PBXNativeTarget;
			buildConfigurationList = C84185AC28A1FDE400CF3E28 /* Build configuration list for PBXNativeTarget "Musique" */;
			buildPhases = (
				C841859428A1FDE200CF3E28 /* Sources */,
				C841859528A1FDE200CF3E28 /* Frameworks */,
				C841859628A1FDE200CF3E28 /* Resources */,
			);
			buildRules = (
			);
			dependencies = (
			);
			name = Musique;
			productName = Musique;
			productReference = C841859828A1FDE200CF3E28 /* Musique.app */;
			productType = "com.apple.product-type.application";
		};
/* End PBXNativeTarget section */

/* Begin PBXProject section */
		C841859028A1FDE200CF3E28 /* Project object */ = {
			isa = PBXProject;
			attributes = {
				BuildIndependentTargetsInParallel = 1;
				LastSwiftUpdateCheck = 1300;
				LastUpgradeCheck = 1300;
				TargetAttributes = {
					C841859728A1FDE200CF3E28 = {
						CreatedOnToolsVersion = 13.0;
					};
				};
			};
			buildConfigurationList = C841859328A1FDE200CF3E28 /* Build configuration list for PBXProject "Musique" */;
			compatibilityVersion = "Xcode 13.0";
			developmentRegion = en;
			hasScannedForEncodings = 0;
			knownRegions = (
				en,
				Base,
			);
			mainGroup = C841858F28A1FDE200CF3E28;
			productRefGroup = C841859928A1FDE200CF3E28 /* Products */;
			projectDirPath = "";
			projectRoot = "";
			targets = (
				C841859728A1FDE200CF3E28 /* Musique */,
			);
		};
/* End PBXProject section */

/* Begin PBXResourcesBuildPhase section */
		C841859628A1FDE200CF3E28 /* Resources */ = {
			isa = PBXResourcesBuildPhase;
			buildActionMask = 2147483647;
			files = (
				C84185B028A2008F00CF3E28 /* lofi-study.mp3 in Resources */,
				C84185A828A1FDE400CF3E28 /* LaunchScreen.storyboard in Resources */,
				C84185A528A1FDE400CF3E28 /* Assets.xcassets in Resources */,
				C84185A328A1FDE200CF3E28 /* Main.storyboard in Resources */,
			);
			runOnlyForDeploymentPostprocessing = 0;
		};
/* End PBXResourcesBuildPhase section */

/* Begin PBXSourcesBuildPhase section */
		C841859428A1FDE200CF3E28 /* Sources */ = {
			isa = PBXSourcesBuildPhase;
			buildActionMask = 2147483647;
			files = (
				C84185A028A1FDE200CF3E28 /* ViewController.swift in Sources */,
				C841859C28A1FDE200CF3E28 /* AppDelegate.swift in Sources */,
				C841859E28A1FDE200CF3E28 /* SceneDelegate.swift in Sources */,
			);
			runOnlyForDeploymentPostprocessing = 0;
		};
/* End PBXSourcesBuildPhase section */

/* Begin PBXVariantGroup section */
		C84185A128A1FDE200CF3E28 /* Main.storyboard */ = {
			isa = PBXVariantGroup;
			children = (
				C84185A228A1FDE200CF3E28 /* Base */,
			);
			name = Main.storyboard;
			sourceTree = "<group>";
		};
		C84185A628A1FDE400CF3E28 /* LaunchScreen.storyboard */ = {
			isa = PBXVariantGroup;
			children = (
				C84185A728A1FDE400CF3E28 /* Base */,
			);
			name = LaunchScreen.storyboard;
			sourceTree = "<group>";
		};
/* End PBXVariantGroup section */

/* Begin XCBuildConfiguration section */
		C84185AA28A1FDE400CF3E28 /* Debug */ = {
			isa = XCBuildConfiguration;
			buildSettings = {
				ALWAYS_SEARCH_USER_PATHS = NO;
				CLANG_ANALYZER_NONNULL = YES;
				CLANG_ANALYZER_NUMBER_OBJECT_CONVERSION = YES_AGGRESSIVE;
				CLANG_CXX_LANGUAGE_STANDARD = "gnu++17";
				CLANG_CXX_LIBRARY = "libc++";
				CLANG_ENABLE_MODULES = YES;
				CLANG_ENABLE_OBJC_ARC = YES;
				CLANG_ENABLE_OBJC_WEAK = YES;
				CLANG_WARN_BLOCK_CAPTURE_AUTORELEASING = YES;
				CLANG_WARN_BOOL_CONVERSION = YES;
				CLANG_WARN_COMMA = YES;
				CLANG_WARN_CONSTANT_CONVERSION = YES;
				CLANG_WARN_DEPRECATED_OBJC_IMPLEMENTATIONS = YES;
				CLANG_WARN_DIRECT_OBJC_ISA_USAGE = YES_ERROR;
				CLANG_WARN_DOCUMENTATION_COMMENTS = YES;
				CLANG_WARN_EMPTY_BODY = YES;
				CLANG_WARN_ENUM_CONVERSION = YES;
				CLANG_WARN_INFINITE_RECURSION = YES;
				CLANG_WARN_INT_CONVERSION = YES;
				CLANG_WARN_NON_LITERAL_NULL_CONVERSION = YES;
				CLANG_WARN_OBJC_IMPLICIT_RETAIN_SELF = YES;
				CLANG_WARN_OBJC_LITERAL_CONVERSION = YES;
				CLANG_WARN_OBJC_ROOT_CLASS = YES_ERROR;
				CLANG_WARN_QUOTED_INCLUDE_IN_FRAMEWORK_HEADER = YES;
				CLANG_WARN_RANGE_LOOP_ANALYSIS = YES;
				CLANG_WARN_STRICT_PROTOTYPES = YES;
				CLANG_WARN_SUSPICIOUS_MOVE = YES;
				CLANG_WARN_UNGUARDED_AVAILABILITY = YES_AGGRESSIVE;
				CLANG_WARN_UNREACHABLE_CODE = YES;
				CLANG_WARN__DUPLICATE_METHOD_MATCH = YES;
				COPY_PHASE_STRIP = NO;
				DEBUG_INFORMATION_FORMAT = dwarf;
				ENABLE_STRICT_OBJC_MSGSEND = YES;
				ENABLE_TESTABILITY = YES;
				GCC_C_LANGUAGE_STANDARD = gnu11;
				GCC_DYNAMIC_NO_PIC = NO;
				GCC_NO_COMMON_BLOCKS = YES;
				GCC_OPTIMIZATION_LEVEL = 0;
				GCC_PREPROCESSOR_DEFINITIONS = (
					"DEBUG=1",
					"$(inherited)",
				);
				GCC_WARN_64_TO_32_BIT_CONVERSION = YES;
				GCC_WARN_ABOUT_RETURN_TYPE = YES_ERROR;
				GCC_WARN_UNDECLARED_SELECTOR = YES;
				GCC_WARN_UNINITIALIZED_AUTOS = YES_AGGRESSIVE;
				GCC_WARN_UNUSED_FUNCTION = YES;
				GCC_WARN_UNUSED_VARIABLE = YES;
				IPHONEOS_DEPLOYMENT_TARGET = 15.0;
				MTL_ENABLE_DEBUG_INFO = INCLUDE_SOURCE;
				MTL_FAST_MATH = YES;
				ONLY_ACTIVE_ARCH = YES;
				SDKROOT = iphoneos;
				SWIFT_ACTIVE_COMPILATION_CONDITIONS = DEBUG;
				SWIFT_OPTIMIZATION_LEVEL = "-Onone";
			};
			name = Debug;
		};
		C84185AB28A1FDE400CF3E28 /* Release */ = {
			isa = XCBuildConfiguration;
			buildSettings = {
				ALWAYS_SEARCH_USER_PATHS = NO;
				CLANG_ANALYZER_NONNULL = YES;
				CLANG_ANALYZER_NUMBER_OBJECT_CONVERSION = YES_AGGRESSIVE;
				CLANG_CXX_LANGUAGE_STANDARD = "gnu++17";
				CLANG_CXX_LIBRARY = "libc++";
				CLANG_ENABLE_MODULES = YES;
				CLANG_ENABLE_OBJC_ARC = YES;
				CLANG_ENABLE_OBJC_WEAK = YES;
				CLANG_WARN_BLOCK_CAPTURE_AUTORELEASING = YES;
				CLANG_WARN_BOOL_CONVERSION = YES;
				CLANG_WARN_COMMA = YES;
				CLANG_WARN_CONSTANT_CONVERSION = YES;
				CLANG_WARN_DEPRECATED_OBJC_IMPLEMENTATIONS = YES;
				CLANG_WARN_DIRECT_OBJC_ISA_USAGE = YES_ERROR;
				CLANG_WARN_DOCUMENTATION_COMMENTS = YES;
				CLANG_WARN_EMPTY_BODY = YES;
				CLANG_WARN_ENUM_CONVERSION = YES;
				CLANG_WARN_INFINITE_RECURSION = YES;
				CLANG_WARN_INT_CONVERSION = YES;
				CLANG_WARN_NON_LITERAL_NULL_CONVERSION = YES;
				CLANG_WARN_OBJC_IMPLICIT_RETAIN_SELF = YES;
				CLANG_WARN_OBJC_LITERAL_CONVERSION = YES;
				CLANG_WARN_OBJC_ROOT_CLASS = YES_ERROR;
				CLANG_WARN_QUOTED_INCLUDE_IN_FRAMEWORK_HEADER = YES;
				CLANG_WARN_RANGE_LOOP_ANALYSIS = YES;
				CLANG_WARN_STRICT_PROTOTYPES = YES;
				CLANG_WARN_SUSPICIOUS_MOVE = YES;
				CLANG_WARN_UNGUARDED_AVAILABILITY = YES_AGGRESSIVE;
				CLANG_WARN_UNREACHABLE_CODE = YES;
				CLANG_WARN__DUPLICATE_METHOD_MATCH = YES;
				COPY_PHASE_STRIP = NO;
				DEBUG_INFORMATION_FORMAT = "dwarf-with-dsym";
				ENABLE_NS_ASSERTIONS = NO;
				ENABLE_STRICT_OBJC_MSGSEND = YES;
				GCC_C_LANGUAGE_STANDARD = gnu11;
				GCC_NO_COMMON_BLOCKS = YES;
				GCC_WARN_64_TO_32_BIT_CONVERSION = YES;
				GCC_WARN_ABOUT_RETURN_TYPE = YES_ERROR;
				GCC_WARN_UNDECLARED_SELECTOR = YES;
				GCC_WARN_UNINITIALIZED_AUTOS = YES_AGGRESSIVE;
				GCC_WARN_UNUSED_FUNCTION = YES;
				GCC_WARN_UNUSED_VARIABLE = YES;
				IPHONEOS_DEPLOYMENT_TARGET = 15.0;
				MTL_ENABLE_DEBUG_INFO = NO;
				MTL_FAST_MATH = YES;
				SDKROOT = iphoneos;
				SWIFT_COMPILATION_MODE = wholemodule;
				SWIFT_OPTIMIZATION_LEVEL = "-O";
				VALIDATE_PRODUCT = YES;
			};
			name = Release;
		};
		C84185AD28A1FDE400CF3E28 /* Debug */ = {
			isa = XCBuildConfiguration;
			buildSettings = {
				ASSETCATALOG_COMPILER_APPICON_NAME = AppIcon;
				ASSETCATALOG_COMPILER_GLOBAL_ACCENT_COLOR_NAME = AccentColor;
				CODE_SIGN_STYLE = Automatic;
				CURRENT_PROJECT_VERSION = 1;
				DEVELOPMENT_TEAM = 47WAZF2HH4;
				GENERATE_INFOPLIST_FILE = YES;
				INFOPLIST_FILE = Musique/Info.plist;
				INFOPLIST_KEY_UIApplicationSupportsIndirectInputEvents = YES;
				INFOPLIST_KEY_UILaunchStoryboardName = LaunchScreen;
				INFOPLIST_KEY_UIMainStoryboardFile = Main;
				INFOPLIST_KEY_UISupportedInterfaceOrientations_iPad = "UIInterfaceOrientationPortrait UIInterfaceOrientationPortraitUpsideDown UIInterfaceOrientationLandscapeLeft UIInterfaceOrientationLandscapeRight";
				INFOPLIST_KEY_UISupportedInterfaceOrientations_iPhone = "UIInterfaceOrientationPortrait UIInterfaceOrientationLandscapeLeft UIInterfaceOrientationLandscapeRight";
				LD_RUNPATH_SEARCH_PATHS = (
					"$(inherited)",
					"@executable_path/Frameworks",
				);
				MARKETING_VERSION = 1.0;
				PRODUCT_BUNDLE_IDENTIFIER = "Tish-Faroul.Musique";
				PRODUCT_NAME = "$(TARGET_NAME)";
				SWIFT_EMIT_LOC_STRINGS = YES;
				SWIFT_VERSION = 5.0;
				TARGETED_DEVICE_FAMILY = "1,2";
			};
			name = Debug;
		};
		C84185AE28A1FDE400CF3E28 /* Release */ = {
			isa = XCBuildConfiguration;
			buildSettings = {
				ASSETCATALOG_COMPILER_APPICON_NAME = AppIcon;
				ASSETCATALOG_COMPILER_GLOBAL_ACCENT_COLOR_NAME = AccentColor;
				CODE_SIGN_STYLE = Automatic;
				CURRENT_PROJECT_VERSION = 1;
				DEVELOPMENT_TEAM = 47WAZF2HH4;
				GENERATE_INFOPLIST_FILE = YES;
				INFOPLIST_FILE = Musique/Info.plist;
				INFOPLIST_KEY_UIApplicationSupportsIndirectInputEvents = YES;
				INFOPLIST_KEY_UILaunchStoryboardName = LaunchScreen;
				INFOPLIST_KEY_UIMainStoryboardFile = Main;
				INFOPLIST_KEY_UISupportedInterfaceOrientations_iPad = "UIInterfaceOrientationPortrait UIInterfaceOrientationPortraitUpsideDown UIInterfaceOrientationLandscapeLeft UIInterfaceOrientationLandscapeRight";
				INFOPLIST_KEY_UISupportedInterfaceOrientations_iPhone = "UIInterfaceOrientationPortrait UIInterfaceOrientationLandscapeLeft UIInterfaceOrientationLandscapeRight";
				LD_RUNPATH_SEARCH_PATHS = (
					"$(inherited)",
					"@executable_path/Frameworks",
				);
				MARKETING_VERSION = 1.0;
				PRODUCT_BUNDLE_IDENTIFIER = "Tish-Faroul.Musique";
				PRODUCT_NAME = "$(TARGET_NAME)";
				SWIFT_EMIT_LOC_STRINGS = YES;
				SWIFT_VERSION = 5.0;
				TARGETED_DEVICE_FAMILY = "1,2";
			};
			name = Release;
		};
/* End XCBuildConfiguration section */

/* Begin XCConfigurationList section */
		C841859328A1FDE200CF3E28 /* Build configuration list for PBXProject "Musique" */ = {
			isa = XCConfigurationList;
			buildConfigurations = (
				C84185AA28A1FDE400CF3E28 /* Debug */,
				C84185AB28A1FDE400CF3E28 /* Release */,
			);
			defaultConfigurationIsVisible = 0;
			defaultConfigurationName = Release;
		};
		C84185AC28A1FDE400CF3E28 /* Build configuration list for PBXNativeTarget "Musique" */ = {
			isa = XCConfigurationList;
			buildConfigurations = (
				C84185AD28A1FDE400CF3E28 /* Debug */,
				C84185AE28A1FDE400CF3E28 /* Release */,
			);
			defaultConfigurationIsVisible = 0;
			defaultConfigurationName = Release;
		};
/* End XCConfigurationList section */
	};
	rootObject = C841859028A1FDE200CF3E28 /* Project object */;
}
